{
  "name": "pokergame",
  "lockfileVersion": 3,
  "requires": true,
  "packages": {
    "": {
      "dependencies": {
        "phpunit": "^0.0.1-security"
      }
    },
    "node_modules/phpunit": {
      "version": "0.0.1-security",
      "resolved": "https://registry.npmjs.org/phpunit/-/phpunit-0.0.1-security.tgz",
      "integrity": "sha512-w7CGdiEBsTwayH0dt1MCmUzK5ecUmIpj3CxE0Hzg5UxiQZqpdUCM5gWDS0J9bj1owUByoVxdhu5mA64CQ3YsOA=="
    }
  }
}
